
Microsoft Visual Studio Solution File, Format Version 12.00
# Visual Studio Version 17
VisualStudioVersion = 17.5.33530.505
MinimumVisualStudioVersion = 10.0.40219.1
Project("{FAE04EC0-301F-11D3-BF4B-00C04F79EFBC}") = "Top200Books", "Top200Books\Top200Books.csproj", "{E2524E65-EE43-4E90-AE11-31A5509BDDA5}"
EndProject
Global
	GlobalSection(SolutionConfigurationPlatforms) = preSolution
		Debug|Any CPU = Debug|Any CPU
		Release|Any CPU = Release|Any CPU
	EndGlobalSection
	GlobalSection(ProjectConfigurationPlatforms) = postSolution
		{E2524E65-EE43-4E90-AE11-31A5509BDDA5}.Debug|Any CPU.ActiveCfg = Debug|Any CPU
		{E2524E65-EE43-4E90-AE11-31A5509BDDA5}.Debug|Any CPU.Build.0 = Debug|Any CPU
		{E2524E65-EE43-4E90-AE11-31A5509BDDA5}.Release|Any CPU.ActiveCfg = Release|Any CPU
		{E2524E65-EE43-4E90-AE11-31A5509BDDA5}.Release|Any CPU.Build.0 = Release|Any CPU
	EndGlobalSection
	GlobalSection(SolutionProperties) = preSolution
		HideSolutionNode = FALSE
	EndGlobalSection
	GlobalSection(ExtensibilityGlobals) = postSolution
		SolutionGuid = {1B45E8A6-EF74-4E29-B937-754A72966B51}
	EndGlobalSection
EndGlobal
